
Microsoft Visual Studio Solution File, Format Version 12.00
# Visual Studio Version 16
VisualStudioVersion = 16.0.30413.136
MinimumVisualStudioVersion = 10.0.40219.1
Project("{9A19103F-16F7-4668-BE54-9A1E7A4F7556}") = "SliceDetails", "SliceDetails\SliceDetails.csproj", "{15CDF006-CF49-4774-8C0E-8B5DA75D0194}"
EndProject
Project("{2150E333-8FDC-42A3-9474-1A3956D46DE8}") = "Solution Items", "Solution Items", "{5441CBE4-5B24-459C-85F4-F246884C6019}"
	ProjectSection(SolutionItems) = preProject
		.editorconfig = .editorconfig
	EndProjectSection
EndProject
Global
	GlobalSection(SolutionConfigurationPlatforms) = preSolution
		Debug|Any CPU = Debug|Any CPU
		Release|Any CPU = Release|Any CPU
	EndGlobalSection
	GlobalSection(ProjectConfigurationPlatforms) = postSolution
		{15CDF006-CF49-4774-8C0E-8B5DA75D0194}.Debug|Any CPU.ActiveCfg = Debug|Any CPU
		{15CDF006-CF49-4774-8C0E-8B5DA75D0194}.Debug|Any CPU.Build.0 = Debug|Any CPU
		{15CDF006-CF49-4774-8C0E-8B5DA75D0194}.Release|Any CPU.ActiveCfg = Release|Any CPU
		{15CDF006-CF49-4774-8C0E-8B5DA75D0194}.Release|Any CPU.Build.0 = Release|Any CPU
	EndGlobalSection
	GlobalSection(SolutionProperties) = preSolution
		HideSolutionNode = FALSE
	EndGlobalSection
	GlobalSection(ExtensibilityGlobals) = postSolution
		SolutionGuid = {E1EABC81-D6F4-4474-9977-439F9381E319}
	EndGlobalSection
EndGlobal
